
Microsoft Visual Studio Solution File, Format Version 12.00
# Visual Studio Version 16
VisualStudioVersion = 16.0.29411.108
MinimumVisualStudioVersion = 10.0.40219.1
Project("{FAE04EC0-301F-11D3-BF4B-00C04F79EFBC}") = "Moodis", "Moodis\Moodis.csproj", "{BC9C4054-9CF0-4F93-93D2-D1922F92C707}"
EndProject
Global
	GlobalSection(SolutionConfigurationPlatforms) = preSolution
		Debug|Any CPU = Debug|Any CPU
		Release|Any CPU = Release|Any CPU
	EndGlobalSection
	GlobalSection(ProjectConfigurationPlatforms) = postSolution
		{BC9C4054-9CF0-4F93-93D2-D1922F92C707}.Debug|Any CPU.ActiveCfg = Debug|Any CPU
		{BC9C4054-9CF0-4F93-93D2-D1922F92C707}.Debug|Any CPU.Build.0 = Debug|Any CPU
		{BC9C4054-9CF0-4F93-93D2-D1922F92C707}.Debug|Any CPU.Deploy.0 = Debug|Any CPU
		{BC9C4054-9CF0-4F93-93D2-D1922F92C707}.Release|Any CPU.ActiveCfg = Release|Any CPU
		{BC9C4054-9CF0-4F93-93D2-D1922F92C707}.Release|Any CPU.Build.0 = Release|Any CPU
		{BC9C4054-9CF0-4F93-93D2-D1922F92C707}.Release|Any CPU.Deploy.0 = Release|Any CPU
	EndGlobalSection
	GlobalSection(SolutionProperties) = preSolution
		HideSolutionNode = FALSE
	EndGlobalSection
	GlobalSection(ExtensibilityGlobals) = postSolution
		SolutionGuid = {A1A14031-C56A-428D-8F6D-1564947BFDD9}
	EndGlobalSection
EndGlobal
